// !$*UTF8*$!
{
	archiveVersion = 1;
	classes = {
	};
	objectVersion = 50;
	objects = {

/* Begin PBXBuildFile section */
		90FBA243224F2D650099EC1F /* AppDelegate.swift in Sources */ = {isa = PBXBuildFile; fileRef = 90FBA242224F2D650099EC1F /* AppDelegate.swift */; };
		90FBA245224F2D650099EC1F /* ViewController.swift in Sources */ = {isa = PBXBuildFile; fileRef = 90FBA244224F2D650099EC1F /* ViewController.swift */; };
		90FBA248224F2D650099EC1F /* Main.storyboard in Resources */ = {isa = PBXBuildFile; fileRef = 90FBA246224F2D650099EC1F /* Main.storyboard */; };
		90FBA24A224F2D680099EC1F /* Assets.xcassets in Resources */ = {isa = PBXBuildFile; fileRef = 90FBA249224F2D680099EC1F /* Assets.xcassets */; };
		90FBA24D224F2D680099EC1F /* LaunchScreen.storyboard in Resources */ = {isa = PBXBuildFile; fileRef = 90FBA24B224F2D680099EC1F /* LaunchScreen.storyboard */; };
		90FBA258224F2D680099EC1F /* testTests.swift in Sources */ = {isa = PBXBuildFile; fileRef = 90FBA257224F2D680099EC1F /* testTests.swift */; };
		90FBA263224F2D680099EC1F /* testUITests.swift in Sources */ = {isa = PBXBuildFile; fileRef = 90FBA262224F2D680099EC1F /* testUITests.swift */; };
/* End PBXBuildFile section */

/* Begin PBXContainerItemProxy section */
		90FBA254224F2D680099EC1F /* PBXContainerItemProxy */ = {
			isa = PBXContainerItemProxy;
			containerPortal = 90FBA237224F2D650099EC1F /* Project object */;
			proxyType = 1;
			remoteGlobalIDString = 90FBA23E224F2D650099EC1F;
			remoteInfo = test;
		};
		90FBA25F224F2D680099EC1F /* PBXContainerItemProxy */ = {
			isa = PBXContainerItemProxy;
			containerPortal = 90FBA237224F2D650099EC1F /* Project object */;
			proxyType = 1;
			remoteGlobalIDString = 90FBA23E224F2D650099EC1F;
			remoteInfo = test;
		};
/* End PBXContainerItemProxy section */

/* Begin PBXFileReference section */
		90FBA23F224F2D650099EC1F /* test.app */ = {isa = PBXFileReference; explicitFileType = wrapper.application; includeInIndex = 0; path = test.app; sourceTree = BUILT_PRODUCTS_DIR; };
		90FBA242224F2D650099EC1F /* AppDelegate.swift */ = {isa = PBXFileReference; lastKnownFileType = sourcecode.swift; path = AppDelegate.swift; sourceTree = "<group>"; };
		90FBA244224F2D650099EC1F /* ViewController.swift */ = {isa = PBXFileReference; lastKnownFileType = sourcecode.swift; path = ViewController.swift; sourceTree = "<group>"; };
		90FBA247224F2D650099EC1F /* Base */ = {isa = PBXFileReference; lastKnownFileType = file.storyboard; name = Base; path = Base.lproj/Main.storyboard; sourceTree = "<group>"; };
		90FBA249224F2D680099EC1F /* Assets.xcassets */ = {isa = PBXFileReference; lastKnownFileType = folder.assetcatalog; path = Assets.xcassets; sourceTree = "<group>"; };
		90FBA24C224F2D680099EC1F /* Base */ = {isa = PBXFileReference; lastKnownFileType = file.storyboard; name = Base; path = Base.lproj/LaunchScreen.storyboard; sourceTree = "<group>"; };
		90FBA24E224F2D680099EC1F /* Info.plist */ = {isa = PBXFileReference; lastKnownFileType = text.plist.xml; path = Info.plist; sourceTree = "<group>"; };
		90FBA253224F2D680099EC1F /* testTests.xctest */ = {isa = PBXFileReference; explicitFileType = wrapper.cfbundle; includeInIndex = 0; path = testTests.xctest; sourceTree = BUILT_PRODUCTS_DIR; };
		90FBA257224F2D680099EC1F /* testTests.swift */ = {isa = PBXFileReference; lastKnownFileType = sourcecode.swift; path = testTests.swift; sourceTree = "<group>"; };
		90FBA259224F2D680099EC1F /* Info.plist */ = {isa = PBXFileReference; lastKnownFileType = text.plist.xml; path = Info.plist; sourceTree = "<group>"; };
		90FBA25E224F2D680099EC1F /* testUITests.xctest */ = {isa = PBXFileReference; explicitFileType = wrapper.cfbundle; includeInIndex = 0; path = testUITests.xctest; sourceTree = BUILT_PRODUCTS_DIR; };
		90FBA262224F2D680099EC1F /* testUITests.swift */ = {isa = PBXFileReference; lastKnownFileType = sourcecode.swift; path = testUITests.swift; sourceTree = "<group>"; };
		90FBA264224F2D680099EC1F /* Info.plist */ = {isa = PBXFileReference; lastKnownFileType = text.plist.xml; path = Info.plist; sourceTree = "<group>"; };
/* End PBXFileReference section */

/* Begin PBXFrameworksBuildPhase section */
		90FBA23C224F2D650099EC1F /* Frameworks */ = {
			isa = PBXFrameworksBuildPhase;
			buildActionMask = 2147483647;
			files = (
			);
			runOnlyForDeploymentPostprocessing = 0;
		};
		90FBA250224F2D680099EC1F /* Frameworks */ = {
			isa = PBXFrameworksBuildPhase;
			buildActionMask = 2147483647;
			files = (
			);
			runOnlyForDeploymentPostprocessing = 0;
		};
		90FBA25B224F2D680099EC1F /* Frameworks */ = {
			isa = PBXFrameworksBuildPhase;
			buildActionMask = 2147483647;
			files = (
			);
			runOnlyForDeploymentPostprocessing = 0;
		};
/* End PBXFrameworksBuildPhase section */

/* Begin PBXGroup section */
		90FBA236224F2D650099EC1F = {
			isa = PBXGroup;
			children = (
				90FBA241224F2D650099EC1F /* test */,
				90FBA256224F2D680099EC1F /* testTests */,
				90FBA261224F2D680099EC1F /* testUITests */,
				90FBA240224F2D650099EC1F /* Products */,
			);
			sourceTree = "<group>";
		};
		90FBA240224F2D650099EC1F /* Products */ = {
			isa = PBXGroup;
			children = (
				90FBA23F224F2D650099EC1F /* test.app */,
				90FBA253224F2D680099EC1F /* testTests.xctest */,
				90FBA25E224F2D680099EC1F /* testUITests.xctest */,
			);
			name = Products;
			sourceTree = "<group>";
		};
		90FBA241224F2D650099EC1F /* test */ = {
			isa = PBXGroup;
			children = (
				90FBA242224F2D650099EC1F /* AppDelegate.swift */,
				90FBA244224F2D650099EC1F /* ViewController.swift */,
				90FBA246224F2D650099EC1F /* Main.storyboard */,
				90FBA249224F2D680099EC1F /* Assets.xcassets */,
				90FBA24B224F2D680099EC1F /* LaunchScreen.storyboard */,
				90FBA24E224F2D680099EC1F /* Info.plist */,
			);
			path = test;
			sourceTree = "<group>";
		};
		90FBA256224F2D680099EC1F /* testTests */ = {
			isa = PBXGroup;
			children = (
				90FBA257224F2D680099EC1F /* testTests.swift */,
				90FBA259224F2D680099EC1F /* Info.plist */,
			);
			path = testTests;
			sourceTree = "<group>";
		};
		90FBA261224F2D680099EC1F /* testUITests */ = {
			isa = PBXGroup;
			children = (
				90FBA262224F2D680099EC1F /* testUITests.swift */,
				90FBA264224F2D680099EC1F /* Info.plist */,
			);
			path = testUITests;
			sourceTree = "<group>";
		};
/* End PBXGroup section */

/* Begin PBXNativeTarget section */
		90FBA23E224F2D650099EC1F /* test */ = {
			isa = PBXNativeTarget;
			buildConfigurationList = 90FBA267224F2D680099EC1F /* Build configuration list for PBXNativeTarget "test" */;
			buildPhases = (
				90FBA23B224F2D650099EC1F /* Sources */,
				90FBA23C224F2D650099EC1F /* Frameworks */,
				90FBA23D224F2D650099EC1F /* Resources */,
			);
			buildRules = (
			);
			dependencies = (
			);
			name = test;
			productName = test;
			productReference = 90FBA23F224F2D650099EC1F /* test.app */;
			productType = "com.apple.product-type.application";
		};
		90FBA252224F2D680099EC1F /* testTests */ = {
			isa = PBXNativeTarget;
			buildConfigurationList = 90FBA26A224F2D680099EC1F /* Build configuration list for PBXNativeTarget "testTests" */;
			buildPhases = (
				90FBA24F224F2D680099EC1F /* Sources */,
				90FBA250224F2D680099EC1F /* Frameworks */,
				90FBA251224F2D680099EC1F /* Resources */,
			);
			buildRules = (
			);
			dependencies = (
				90FBA255224F2D680099EC1F /* PBXTargetDependency */,
			);
			name = testTests;
			productName = testTests;
			productReference = 90FBA253224F2D680099EC1F /* testTests.xctest */;
			productType = "com.apple.product-type.bundle.unit-test";
		};
		90FBA25D224F2D680099EC1F /* testUITests */ = {
			isa = PBXNativeTarget;
			buildConfigurationList = 90FBA26D224F2D680099EC1F /* Build configuration list for PBXNativeTarget "testUITests" */;
			buildPhases = (
				90FBA25A224F2D680099EC1F /* Sources */,
				90FBA25B224F2D680099EC1F /* Frameworks */,
				90FBA25C224F2D680099EC1F /* Resources */,
			);
			buildRules = (
			);
			dependencies = (
				90FBA260224F2D680099EC1F /* PBXTargetDependency */,
			);
			name = testUITests;
			productName = testUITests;
			productReference = 90FBA25E224F2D680099EC1F /* testUITests.xctest */;
			productType = "com.apple.product-type.bundle.ui-testing";
		};
/* End PBXNativeTarget section */

/* Begin PBXProject section */
		90FBA237224F2D650099EC1F /* Project object */ = {
			isa = PBXProject;
			attributes = {
				LastSwiftUpdateCheck = 1010;
				LastUpgradeCheck = 1010;
				ORGANIZATIONNAME = "ADG RIT 1";
				TargetAttributes = {
					90FBA23E224F2D650099EC1F = {
						CreatedOnToolsVersion = 10.1;
					};
					90FBA252224F2D680099EC1F = {
						CreatedOnToolsVersion = 10.1;
						TestTargetID = 90FBA23E224F2D650099EC1F;
					};
					90FBA25D224F2D680099EC1F = {
						CreatedOnToolsVersion = 10.1;
						TestTargetID = 90FBA23E224F2D650099EC1F;
					};
				};
			};
			buildConfigurationList = 90FBA23A224F2D650099EC1F /* Build configuration list for PBXProject "test" */;
			compatibilityVersion = "Xcode 9.3";
			developmentRegion = en;
			hasScannedForEncodings = 0;
			knownRegions = (
				en,
				Base,
			);
			mainGroup = 90FBA236224F2D650099EC1F;
			productRefGroup = 90FBA240224F2D650099EC1F /* Products */;
			projectDirPath = "";
			projectRoot = "";
			targets = (
				90FBA23E224F2D650099EC1F /* test */,
				90FBA252224F2D680099EC1F /* testTests */,
				90FBA25D224F2D680099EC1F /* testUITests */,
			);
		};
/* End PBXProject section */

/* Begin PBXResourcesBuildPhase section */
		90FBA23D224F2D650099EC1F /* Resources */ = {
			isa = PBXResourcesBuildPhase;
			buildActionMask = 2147483647;
			files = (
				90FBA24D224F2D680099EC1F /* LaunchScreen.storyboard in Resources */,
				90FBA24A224F2D680099EC1F /* Assets.xcassets in Resources */,
				90FBA248224F2D650099EC1F /* Main.storyboard in Resources */,
			);
			runOnlyForDeploymentPostprocessing = 0;
		};
		90FBA251224F2D680099EC1F /* Resources */ = {
			isa = PBXResourcesBuildPhase;
			buildActionMask = 2147483647;
			files = (
			);
			runOnlyForDeploymentPostprocessing = 0;
		};
		90FBA25C224F2D680099EC1F /* Resources */ = {
			isa = PBXResourcesBuildPhase;
			buildActionMask = 2147483647;
			files = (
			);
			runOnlyForDeploymentPostprocessing = 0;
		};
/* End PBXResourcesBuildPhase section */

/* Begin PBXSourcesBuildPhase section */
		90FBA23B224F2D650099EC1F /* Sources */ = {
			isa = PBXSourcesBuildPhase;
			buildActionMask = 2147483647;
			files = (
				90FBA245224F2D650099EC1F /* ViewController.swift in Sources */,
				90FBA243224F2D650099EC1F /* AppDelegate.swift in Sources */,
			);
			runOnlyForDeploymentPostprocessing = 0;
		};
		90FBA24F224F2D680099EC1F /* Sources */ = {
			isa = PBXSourcesBuildPhase;
			buildActionMask = 2147483647;
			files = (
				90FBA258224F2D680099EC1F /* testTests.swift in Sources */,
			);
			runOnlyForDeploymentPostprocessing = 0;
		};
		90FBA25A224F2D680099EC1F /* Sources */ = {
			isa = PBXSourcesBuildPhase;
			buildActionMask = 2147483647;
			files = (
				90FBA263224F2D680099EC1F /* testUITests.swift in Sources */,
			);
			runOnlyForDeploymentPostprocessing = 0;
		};
/* End PBXSourcesBuildPhase section */

/* Begin PBXTargetDependency section */
		90FBA255224F2D680099EC1F /* PBXTargetDependency */ = {
			isa = PBXTargetDependency;
			target = 90FBA23E224F2D650099EC1F /* test */;
			targetProxy = 90FBA254224F2D680099EC1F /* PBXContainerItemProxy */;
		};
		90FBA260224F2D680099EC1F /* PBXTargetDependency */ = {
			isa = PBXTargetDependency;
			target = 90FBA23E224F2D650099EC1F /* test */;
			targetProxy = 90FBA25F224F2D680099EC1F /* PBXContainerItemProxy */;
		};
/* End PBXTargetDependency section */

/* Begin PBXVariantGroup section */
		90FBA246224F2D650099EC1F /* Main.storyboard */ = {
			isa = PBXVariantGroup;
			children = (
				90FBA247224F2D650099EC1F /* Base */,
			);
			name = Main.storyboard;
			sourceTree = "<group>";
		};
		90FBA24B224F2D680099EC1F /* LaunchScreen.storyboard */ = {
			isa = PBXVariantGroup;
			children = (
				90FBA24C224F2D680099EC1F /* Base */,
			);
			name = LaunchScreen.storyboard;
			sourceTree = "<group>";
		};
/* End PBXVariantGroup section */

/* Begin XCBuildConfiguration section */
		90FBA265224F2D680099EC1F /* Debug */ = {
			isa = XCBuildConfiguration;
			buildSettings = {
				ALWAYS_SEARCH_USER_PATHS = NO;
				CLANG_ANALYZER_NONNULL = YES;
				CLANG_ANALYZER_NUMBER_OBJECT_CONVERSION = YES_AGGRESSIVE;
				CLANG_CXX_LANGUAGE_STANDARD = "gnu++14";
				CLANG_CXX_LIBRARY = "libc++";
				CLANG_ENABLE_MODULES = YES;
				CLANG_ENABLE_OBJC_ARC = YES;
				CLANG_ENABLE_OBJC_WEAK = YES;
				CLANG_WARN_BLOCK_CAPTURE_AUTORELEASING = YES;
				CLANG_WARN_BOOL_CONVERSION = YES;
				CLANG_WARN_COMMA = YES;
				CLANG_WARN_CONSTANT_CONVERSION = YES;
				CLANG_WARN_DEPRECATED_OBJC_IMPLEMENTATIONS = YES;
				CLANG_WARN_DIRECT_OBJC_ISA_USAGE = YES_ERROR;
				CLANG_WARN_DOCUMENTATION_COMMENTS = YES;
				CLANG_WARN_EMPTY_BODY = YES;
				CLANG_WARN_ENUM_CONVERSION = YES;
				CLANG_WARN_INFINITE_RECURSION = YES;
				CLANG_WARN_INT_CONVERSION = YES;
				CLANG_WARN_NON_LITERAL_NULL_CONVERSION = YES;
				CLANG_WARN_OBJC_IMPLICIT_RETAIN_SELF = YES;
				CLANG_WARN_OBJC_LITERAL_CONVERSION = YES;
				CLANG_WARN_OBJC_ROOT_CLASS = YES_ERROR;
				CLANG_WARN_RANGE_LOOP_ANALYSIS = YES;
				CLANG_WARN_STRICT_PROTOTYPES = YES;
				CLANG_WARN_SUSPICIOUS_MOVE = YES;
				CLANG_WARN_UNGUARDED_AVAILABILITY = YES_AGGRESSIVE;
				CLANG_WARN_UNREACHABLE_CODE = YES;
				CLANG_WARN__DUPLICATE_METHOD_MATCH = YES;
				CODE_SIGN_IDENTITY = "iPhone Developer";
				COPY_PHASE_STRIP = NO;
				DEBUG_INFORMATION_FORMAT = dwarf;
				ENABLE_STRICT_OBJC_MSGSEND = YES;
				ENABLE_TESTABILITY = YES;
				GCC_C_LANGUAGE_STANDARD = gnu11;
				GCC_DYNAMIC_NO_PIC = NO;
				GCC_NO_COMMON_BLOCKS = YES;
				GCC_OPTIMIZATION_LEVEL = 0;
				GCC_PREPROCESSOR_DEFINITIONS = (
					"DEBUG=1",
					"$(inherited)",
				);
				GCC_WARN_64_TO_32_BIT_CONVERSION = YES;
				GCC_WARN_ABOUT_RETURN_TYPE = YES_ERROR;
				GCC_WARN_UNDECLARED_SELECTOR = YES;
				GCC_WARN_UNINITIALIZED_AUTOS = YES_AGGRESSIVE;
				GCC_WARN_UNUSED_FUNCTION = YES;
				GCC_WARN_UNUSED_VARIABLE = YES;
				IPHONEOS_DEPLOYMENT_TARGET = 12.1;
				MTL_ENABLE_DEBUG_INFO = INCLUDE_SOURCE;
				MTL_FAST_MATH = YES;
				ONLY_ACTIVE_ARCH = YES;
				SDKROOT = iphoneos;
				SWIFT_ACTIVE_COMPILATION_CONDITIONS = DEBUG;
				SWIFT_OPTIMIZATION_LEVEL = "-Onone";
			};
			name = Debug;
		};
		90FBA266224F2D680099EC1F /* Release */ = {
			isa = XCBuildConfiguration;
			buildSettings = {
				ALWAYS_SEARCH_USER_PATHS = NO;
				CLANG_ANALYZER_NONNULL = YES;
				CLANG_ANALYZER_NUMBER_OBJECT_CONVERSION = YES_AGGRESSIVE;
				CLANG_CXX_LANGUAGE_STANDARD = "gnu++14";
				CLANG_CXX_LIBRARY = "libc++";
				CLANG_ENABLE_MODULES = YES;
				CLANG_ENABLE_OBJC_ARC = YES;
				CLANG_ENABLE_OBJC_WEAK = YES;
				CLANG_WARN_BLOCK_CAPTURE_AUTORELEASING = YES;
				CLANG_WARN_BOOL_CONVERSION = YES;
				CLANG_WARN_COMMA = YES;
				CLANG_WARN_CONSTANT_CONVERSION = YES;
				CLANG_WARN_DEPRECATED_OBJC_IMPLEMENTATIONS = YES;
				CLANG_WARN_DIRECT_OBJC_ISA_USAGE = YES_ERROR;
				CLANG_WARN_DOCUMENTATION_COMMENTS = YES;
				CLANG_WARN_EMPTY_BODY = YES;
				CLANG_WARN_ENUM_CONVERSION = YES;
				CLANG_WARN_INFINITE_RECURSION = YES;
				CLANG_WARN_INT_CONVERSION = YES;
				CLANG_WARN_NON_LITERAL_NULL_CONVERSION = YES;
				CLANG_WARN_OBJC_IMPLICIT_RETAIN_SELF = YES;
				CLANG_WARN_OBJC_LITERAL_CONVERSION = YES;
				CLANG_WARN_OBJC_ROOT_CLASS = YES_ERROR;
				CLANG_WARN_RANGE_LOOP_ANALYSIS = YES;
				CLANG_WARN_STRICT_PROTOTYPES = YES;
				CLANG_WARN_SUSPICIOUS_MOVE = YES;
				CLANG_WARN_UNGUARDED_AVAILABILITY = YES_AGGRESSIVE;
				CLANG_WARN_UNREACHABLE_CODE = YES;
				CLANG_WARN__DUPLICATE_METHOD_MATCH = YES;
				CODE_SIGN_IDENTITY = "iPhone Developer";
				COPY_PHASE_STRIP = NO;
				DEBUG_INFORMATION_FORMAT = "dwarf-with-dsym";
				ENABLE_NS_ASSERTIONS = NO;
				ENABLE_STRICT_OBJC_MSGSEND = YES;
				GCC_C_LANGUAGE_STANDARD = gnu11;
				GCC_NO_COMMON_BLOCKS = YES;
				GCC_WARN_64_TO_32_BIT_CONVERSION = YES;
				GCC_WARN_ABOUT_RETURN_TYPE = YES_ERROR;
				GCC_WARN_UNDECLARED_SELECTOR = YES;
				GCC_WARN_UNINITIALIZED_AUTOS = YES_AGGRESSIVE;
				GCC_WARN_UNUSED_FUNCTION = YES;
				GCC_WARN_UNUSED_VARIABLE = YES;
				IPHONEOS_DEPLOYMENT_TARGET = 12.1;
				MTL_ENABLE_DEBUG_INFO = NO;
				MTL_FAST_MATH = YES;
				SDKROOT = iphoneos;
				SWIFT_COMPILATION_MODE = wholemodule;
				SWIFT_OPTIMIZATION_LEVEL = "-O";
				VALIDATE_PRODUCT = YES;
			};
			name = Release;
		};
		90FBA268224F2D680099EC1F /* Debug */ = {
			isa = XCBuildConfiguration;
			buildSettings = {
				ASSETCATALOG_COMPILER_APPICON_NAME = AppIcon;
				CODE_SIGN_STYLE = Automatic;
				INFOPLIST_FILE = test/Info.plist;
				LD_RUNPATH_SEARCH_PATHS = (
					"$(inherited)",
					"@executable_path/Frameworks",
				);
				PRODUCT_BUNDLE_IDENTIFIER = tce.test;
				PRODUCT_NAME = "$(TARGET_NAME)";
				SWIFT_VERSION = 4.2;
				TARGETED_DEVICE_FAMILY = "1,2";
			};
			name = Debug;
		};
		90FBA269224F2D680099EC1F /* Release */ = {
			isa = XCBuildConfiguration;
			buildSettings = {
				ASSETCATALOG_COMPILER_APPICON_NAME = AppIcon;
				CODE_SIGN_STYLE = Automatic;
				INFOPLIST_FILE = test/Info.plist;
				LD_RUNPATH_SEARCH_PATHS = (
					"$(inherited)",
					"@executable_path/Frameworks",
				);
				PRODUCT_BUNDLE_IDENTIFIER = tce.test;
				PRODUCT_NAME = "$(TARGET_NAME)";
				SWIFT_VERSION = 4.2;
				TARGETED_DEVICE_FAMILY = "1,2";
			};
			name = Release;
		};
		90FBA26B224F2D680099EC1F /* Debug */ = {
			isa = XCBuildConfiguration;
			buildSettings = {
				ALWAYS_EMBED_SWIFT_STANDARD_LIBRARIES = YES;
				BUNDLE_LOADER = "$(TEST_HOST)";
				CODE_SIGN_STYLE = Automatic;
				INFOPLIST_FILE = testTests/Info.plist;
				LD_RUNPATH_SEARCH_PATHS = (
					"$(inherited)",
					"@executable_path/Frameworks",
					"@loader_path/Frameworks",
				);
				PRODUCT_BUNDLE_IDENTIFIER = tce.testTests;
				PRODUCT_NAME = "$(TARGET_NAME)";
				SWIFT_VERSION = 4.2;
				TARGETED_DEVICE_FAMILY = "1,2";
				TEST_HOST = "$(BUILT_PRODUCTS_DIR)/test.app/test";
			};
			name = Debug;
		};
		90FBA26C224F2D680099EC1F /* Release */ = {
			isa = XCBuildConfiguration;
			buildSettings = {
				ALWAYS_EMBED_SWIFT_STANDARD_LIBRARIES = YES;
				BUNDLE_LOADER = "$(TEST_HOST)";
				CODE_SIGN_STYLE = Automatic;
				INFOPLIST_FILE = testTests/Info.plist;
				LD_RUNPATH_SEARCH_PATHS = (
					"$(inherited)",
					"@executable_path/Frameworks",
					"@loader_path/Frameworks",
				);
				PRODUCT_BUNDLE_IDENTIFIER = tce.testTests;
				PRODUCT_NAME = "$(TARGET_NAME)";
				SWIFT_VERSION = 4.2;
				TARGETED_DEVICE_FAMILY = "1,2";
				TEST_HOST = "$(BUILT_PRODUCTS_DIR)/test.app/test";
			};
			name = Release;
		};
		90FBA26E224F2D680099EC1F /* Debug */ = {
			isa = XCBuildConfiguration;
			buildSettings = {
				ALWAYS_EMBED_SWIFT_STANDARD_LIBRARIES = YES;
				CODE_SIGN_STYLE = Automatic;
				INFOPLIST_FILE = testUITests/Info.plist;
				LD_RUNPATH_SEARCH_PATHS = (
					"$(inherited)",
					"@executable_path/Frameworks",
					"@loader_path/Frameworks",
				);
				PRODUCT_BUNDLE_IDENTIFIER = tce.testUITests;
				PRODUCT_NAME = "$(TARGET_NAME)";
				SWIFT_VERSION = 4.2;
				TARGETED_DEVICE_FAMILY = "1,2";
				TEST_TARGET_NAME = test;
			};
			name = Debug;
		};
		90FBA26F224F2D680099EC1F /* Release */ = {
			isa = XCBuildConfiguration;
			buildSettings = {
				ALWAYS_EMBED_SWIFT_STANDARD_LIBRARIES = YES;
				CODE_SIGN_STYLE = Automatic;
				INFOPLIST_FILE = testUITests/Info.plist;
				LD_RUNPATH_SEARCH_PATHS = (
					"$(inherited)",
					"@executable_path/Frameworks",
					"@loader_path/Frameworks",
				);
				PRODUCT_BUNDLE_IDENTIFIER = tce.testUITests;
				PRODUCT_NAME = "$(TARGET_NAME)";
				SWIFT_VERSION = 4.2;
				TARGETED_DEVICE_FAMILY = "1,2";
				TEST_TARGET_NAME = test;
			};
			name = Release;
		};
/* End XCBuildConfiguration section */

/* Begin XCConfigurationList section */
		90FBA23A224F2D650099EC1F /* Build configuration list for PBXProject "test" */ = {
			isa = XCConfigurationList;
			buildConfigurations = (
				90FBA265224F2D680099EC1F /* Debug */,
				90FBA266224F2D680099EC1F /* Release */,
			);
			defaultConfigurationIsVisible = 0;
			defaultConfigurationName = Release;
		};
		90FBA267224F2D680099EC1F /* Build configuration list for PBXNativeTarget "test" */ = {
			isa = XCConfigurationList;
			buildConfigurations = (
				90FBA268224F2D680099EC1F /* Debug */,
				90FBA269224F2D680099EC1F /* Release */,
			);
			defaultConfigurationIsVisible = 0;
			defaultConfigurationName = Release;
		};
		90FBA26A224F2D680099EC1F /* Build configuration list for PBXNativeTarget "testTests" */ = {
			isa = XCConfigurationList;
			buildConfigurations = (
				90FBA26B224F2D680099EC1F /* Debug */,
				90FBA26C224F2D680099EC1F /* Release */,
			);
			defaultConfigurationIsVisible = 0;
			defaultConfigurationName = Release;
		};
		90FBA26D224F2D680099EC1F /* Build configuration list for PBXNativeTarget "testUITests" */ = {
			isa = XCConfigurationList;
			buildConfigurations = (
				90FBA26E224F2D680099EC1F /* Debug */,
				90FBA26F224F2D680099EC1F /* Release */,
			);
			defaultConfigurationIsVisible = 0;
			defaultConfigurationName = Release;
		};
/* End XCConfigurationList section */
	};
	rootObject = 90FBA237224F2D650099EC1F /* Project object */;
}
